// !$*UTF8*$!
{
	archiveVersion = 1;
	classes = {
	};
	objectVersion = 46;
	objects = {

/* Begin PBXBuildFile section */
		C07A12041AF9AC51009EA14F /* AppDelegate.swift in Sources */ = {isa = PBXBuildFile; fileRef = C07A12031AF9AC51009EA14F /* AppDelegate.swift */; };
		C07A12061AF9AC51009EA14F /* ViewController.swift in Sources */ = {isa = PBXBuildFile; fileRef = C07A12051AF9AC51009EA14F /* ViewController.swift */; };
		C07A12081AF9AC51009EA14F /* Images.xcassets in Resources */ = {isa = PBXBuildFile; fileRef = C07A12071AF9AC51009EA14F /* Images.xcassets */; };
		C07A120B1AF9AC51009EA14F /* Main.storyboard in Resources */ = {isa = PBXBuildFile; fileRef = C07A12091AF9AC51009EA14F /* Main.storyboard */; };
		C07A12171AF9AC51009EA14F /* everythingTests.swift in Sources */ = {isa = PBXBuildFile; fileRef = C07A12161AF9AC51009EA14F /* everythingTests.swift */; };
/* End PBXBuildFile section */

/* Begin PBXContainerItemProxy section */
		C07A12111AF9AC51009EA14F /* PBXContainerItemProxy */ = {
			isa = PBXContainerItemProxy;
			containerPortal = C07A11F61AF9AC51009EA14F /* Project object */;
			proxyType = 1;
			remoteGlobalIDString = C07A11FD1AF9AC51009EA14F;
			remoteInfo = everything;
		};
/* End PBXContainerItemProxy section */

/* Begin PBXFileReference section */
		C07A11FE1AF9AC51009EA14F /* everything.app */ = {isa = PBXFileReference; explicitFileType = wrapper.application; includeInIndex = 0; path = everything.app; sourceTree = BUILT_PRODUCTS_DIR; };
		C07A12021AF9AC51009EA14F /* Info.plist */ = {isa = PBXFileReference; lastKnownFileType = text.plist.xml; path = Info.plist; sourceTree = "<group>"; };
		C07A12031AF9AC51009EA14F /* AppDelegate.swift */ = {isa = PBXFileReference; lastKnownFileType = sourcecode.swift; path = AppDelegate.swift; sourceTree = "<group>"; };
		C07A12051AF9AC51009EA14F /* ViewController.swift */ = {isa = PBXFileReference; lastKnownFileType = sourcecode.swift; path = ViewController.swift; sourceTree = "<group>"; };
		C07A12071AF9AC51009EA14F /* Images.xcassets */ = {isa = PBXFileReference; lastKnownFileType = folder.assetcatalog; path = Images.xcassets; sourceTree = "<group>"; };
		C07A120A1AF9AC51009EA14F /* Base */ = {isa = PBXFileReference; lastKnownFileType = file.storyboard; name = Base; path = Base.lproj/Main.storyboard; sourceTree = "<group>"; };
		C07A12101AF9AC51009EA14F /* everythingTests.xctest */ = {isa = PBXFileReference; explicitFileType = wrapper.cfbundle; includeInIndex = 0; path = everythingTests.xctest; sourceTree = BUILT_PRODUCTS_DIR; };
		C07A12151AF9AC51009EA14F /* Info.plist */ = {isa = PBXFileReference; lastKnownFileType = text.plist.xml; path = Info.plist; sourceTree = "<group>"; };
		C07A12161AF9AC51009EA14F /* everythingTests.swift */ = {isa = PBXFileReference; lastKnownFileType = sourcecode.swift; path = everythingTests.swift; sourceTree = "<group>"; };
/* End PBXFileReference section */

/* Begin PBXFrameworksBuildPhase section */
		C07A11FB1AF9AC51009EA14F /* Frameworks */ = {
			isa = PBXFrameworksBuildPhase;
			buildActionMask = 2147483647;
			files = (
			);
			runOnlyForDeploymentPostprocessing = 0;
		};
		C07A120D1AF9AC51009EA14F /* Frameworks */ = {
			isa = PBXFrameworksBuildPhase;
			buildActionMask = 2147483647;
			files = (
			);
			runOnlyForDeploymentPostprocessing = 0;
		};
/* End PBXFrameworksBuildPhase section */

/* Begin PBXGroup section */
		C07A11F51AF9AC51009EA14F = {
			isa = PBXGroup;
			children = (
				C07A12001AF9AC51009EA14F /* everything */,
				C07A12131AF9AC51009EA14F /* everythingTests */,
				C07A11FF1AF9AC51009EA14F /* Products */,
			);
			sourceTree = "<group>";
		};
		C07A11FF1AF9AC51009EA14F /* Products */ = {
			isa = PBXGroup;
			children = (
				C07A11FE1AF9AC51009EA14F /* everything.app */,
				C07A12101AF9AC51009EA14F /* everythingTests.xctest */,
			);
			name = Products;
			sourceTree = "<group>";
		};
		C07A12001AF9AC51009EA14F /* everything */ = {
			isa = PBXGroup;
			children = (
				C07A12031AF9AC51009EA14F /* AppDelegate.swift */,
				C07A12051AF9AC51009EA14F /* ViewController.swift */,
				C07A12071AF9AC51009EA14F /* Images.xcassets */,
				C07A12091AF9AC51009EA14F /* Main.storyboard */,
				C07A12011AF9AC51009EA14F /* Supporting Files */,
			);
			path = everything;
			sourceTree = "<group>";
		};
		C07A12011AF9AC51009EA14F /* Supporting Files */ = {
			isa = PBXGroup;
			children = (
				C07A12021AF9AC51009EA14F /* Info.plist */,
			);
			name = "Supporting Files";
			sourceTree = "<group>";
		};
		C07A12131AF9AC51009EA14F /* everythingTests */ = {
			isa = PBXGroup;
			children = (
				C07A12161AF9AC51009EA14F /* everythingTests.swift */,
				C07A12141AF9AC51009EA14F /* Supporting Files */,
			);
			path = everythingTests;
			sourceTree = "<group>";
		};
		C07A12141AF9AC51009EA14F /* Supporting Files */ = {
			isa = PBXGroup;
			children = (
				C07A12151AF9AC51009EA14F /* Info.plist */,
			);
			name = "Supporting Files";
			sourceTree = "<group>";
		};
/* End PBXGroup section */

/* Begin PBXNativeTarget section */
		C07A11FD1AF9AC51009EA14F /* everything */ = {
			isa = PBXNativeTarget;
			buildConfigurationList = C07A121A1AF9AC51009EA14F /* Build configuration list for PBXNativeTarget "everything" */;
			buildPhases = (
				C07A11FA1AF9AC51009EA14F /* Sources */,
				C07A11FB1AF9AC51009EA14F /* Frameworks */,
				C07A11FC1AF9AC51009EA14F /* Resources */,
			);
			buildRules = (
			);
			dependencies = (
			);
			name = everything;
			productName = everything;
			productReference = C07A11FE1AF9AC51009EA14F /* everything.app */;
			productType = "com.apple.product-type.application";
		};
		C07A120F1AF9AC51009EA14F /* everythingTests */ = {
			isa = PBXNativeTarget;
			buildConfigurationList = C07A121D1AF9AC51009EA14F /* Build configuration list for PBXNativeTarget "everythingTests" */;
			buildPhases = (
				C07A120C1AF9AC51009EA14F /* Sources */,
				C07A120D1AF9AC51009EA14F /* Frameworks */,
				C07A120E1AF9AC51009EA14F /* Resources */,
			);
			buildRules = (
			);
			dependencies = (
				C07A12121AF9AC51009EA14F /* PBXTargetDependency */,
			);
			name = everythingTests;
			productName = everythingTests;
			productReference = C07A12101AF9AC51009EA14F /* everythingTests.xctest */;
			productType = "com.apple.product-type.bundle.unit-test";
		};
/* End PBXNativeTarget section */

/* Begin PBXProject section */
		C07A11F61AF9AC51009EA14F /* Project object */ = {
			isa = PBXProject;
			attributes = {
				LastUpgradeCheck = 0630;
				ORGANIZATIONNAME = "杨培文";
				TargetAttributes = {
					C07A11FD1AF9AC51009EA14F = {
						CreatedOnToolsVersion = 6.3.1;
					};
					C07A120F1AF9AC51009EA14F = {
						CreatedOnToolsVersion = 6.3.1;
						TestTargetID = C07A11FD1AF9AC51009EA14F;
					};
				};
			};
			buildConfigurationList = C07A11F91AF9AC51009EA14F /* Build configuration list for PBXProject "everything" */;
			compatibilityVersion = "Xcode 3.2";
			developmentRegion = English;
			hasScannedForEncodings = 0;
			knownRegions = (
				en,
				Base,
			);
			mainGroup = C07A11F51AF9AC51009EA14F;
			productRefGroup = C07A11FF1AF9AC51009EA14F /* Products */;
			projectDirPath = "";
			projectRoot = "";
			targets = (
				C07A11FD1AF9AC51009EA14F /* everything */,
				C07A120F1AF9AC51009EA14F /* everythingTests */,
			);
		};
/* End PBXProject section */

/* Begin PBXResourcesBuildPhase section */
		C07A11FC1AF9AC51009EA14F /* Resources */ = {
			isa = PBXResourcesBuildPhase;
			buildActionMask = 2147483647;
			files = (
				C07A12081AF9AC51009EA14F /* Images.xcassets in Resources */,
				C07A120B1AF9AC51009EA14F /* Main.storyboard in Resources */,
			);
			runOnlyForDeploymentPostprocessing = 0;
		};
		C07A120E1AF9AC51009EA14F /* Resources */ = {
			isa = PBXResourcesBuildPhase;
			buildActionMask = 2147483647;
			files = (
			);
			runOnlyForDeploymentPostprocessing = 0;
		};
/* End PBXResourcesBuildPhase section */

/* Begin PBXSourcesBuildPhase section */
		C07A11FA1AF9AC51009EA14F /* Sources */ = {
			isa = PBXSourcesBuildPhase;
			buildActionMask = 2147483647;
			files = (
				C07A12061AF9AC51009EA14F /* ViewController.swift in Sources */,
				C07A12041AF9AC51009EA14F /* AppDelegate.swift in Sources */,
			);
			runOnlyForDeploymentPostprocessing = 0;
		};
		C07A120C1AF9AC51009EA14F /* Sources */ = {
			isa = PBXSourcesBuildPhase;
			buildActionMask = 2147483647;
			files = (
				C07A12171AF9AC51009EA14F /* everythingTests.swift in Sources */,
			);
			runOnlyForDeploymentPostprocessing = 0;
		};
/* End PBXSourcesBuildPhase section */

/* Begin PBXTargetDependency section */
		C07A12121AF9AC51009EA14F /* PBXTargetDependency */ = {
			isa = PBXTargetDependency;
			target = C07A11FD1AF9AC51009EA14F /* everything */;
			targetProxy = C07A12111AF9AC51009EA14F /* PBXContainerItemProxy */;
		};
/* End PBXTargetDependency section */

/* Begin PBXVariantGroup section */
		C07A12091AF9AC51009EA14F /* Main.storyboard */ = {
			isa = PBXVariantGroup;
			children = (
				C07A120A1AF9AC51009EA14F /* Base */,
			);
			name = Main.storyboard;
			sourceTree = "<group>";
		};
/* End PBXVariantGroup section */

/* Begin XCBuildConfiguration section */
		C07A12181AF9AC51009EA14F /* Debug */ = {
			isa = XCBuildConfiguration;
			buildSettings = {
				ALWAYS_SEARCH_USER_PATHS = NO;
				CLANG_CXX_LANGUAGE_STANDARD = "gnu++0x";
				CLANG_CXX_LIBRARY = "libc++";
				CLANG_ENABLE_MODULES = YES;
				CLANG_ENABLE_OBJC_ARC = YES;
				CLANG_WARN_BOOL_CONVERSION = YES;
				CLANG_WARN_CONSTANT_CONVERSION = YES;
				CLANG_WARN_DIRECT_OBJC_ISA_USAGE = YES_ERROR;
				CLANG_WARN_EMPTY_BODY = YES;
				CLANG_WARN_ENUM_CONVERSION = YES;
				CLANG_WARN_INT_CONVERSION = YES;
				CLANG_WARN_OBJC_ROOT_CLASS = YES_ERROR;
				CLANG_WARN_UNREACHABLE_CODE = YES;
				CLANG_WARN__DUPLICATE_METHOD_MATCH = YES;
				CODE_SIGN_IDENTITY = "-";
				COPY_PHASE_STRIP = NO;
				DEBUG_INFORMATION_FORMAT = dwarf;
				ENABLE_STRICT_OBJC_MSGSEND = YES;
				GCC_C_LANGUAGE_STANDARD = gnu99;
				GCC_DYNAMIC_NO_PIC = NO;
				GCC_NO_COMMON_BLOCKS = YES;
				GCC_OPTIMIZATION_LEVEL = 0;
				GCC_PREPROCESSOR_DEFINITIONS = (
					"DEBUG=1",
					"$(inherited)",
				);
				GCC_SYMBOLS_PRIVATE_EXTERN = NO;
				GCC_WARN_64_TO_32_BIT_CONVERSION = YES;
				GCC_WARN_ABOUT_RETURN_TYPE = YES_ERROR;
				GCC_WARN_UNDECLARED_SELECTOR = YES;
				GCC_WARN_UNINITIALIZED_AUTOS = YES_AGGRESSIVE;
				GCC_WARN_UNUSED_FUNCTION = YES;
				GCC_WARN_UNUSED_VARIABLE = YES;
				MACOSX_DEPLOYMENT_TARGET = 10.10;
				MTL_ENABLE_DEBUG_INFO = YES;
				ONLY_ACTIVE_ARCH = YES;
				SDKROOT = macosx;
				SWIFT_OPTIMIZATION_LEVEL = "-Onone";
			};
			name = Debug;
		};
		C07A12191AF9AC51009EA14F /* Release */ = {
			isa = XCBuildConfiguration;
			buildSettings = {
				ALWAYS_SEARCH_USER_PATHS = NO;
				CLANG_CXX_LANGUAGE_STANDARD = "gnu++0x";
				CLANG_CXX_LIBRARY = "libc++";
				CLANG_ENABLE_MODULES = YES;
				CLANG_ENABLE_OBJC_ARC = YES;
				CLANG_WARN_BOOL_CONVERSION = YES;
				CLANG_WARN_CONSTANT_CONVERSION = YES;
				CLANG_WARN_DIRECT_OBJC_ISA_USAGE = YES_ERROR;
				CLANG_WARN_EMPTY_BODY = YES;
				CLANG_WARN_ENUM_CONVERSION = YES;
				CLANG_WARN_INT_CONVERSION = YES;
				CLANG_WARN_OBJC_ROOT_CLASS = YES_ERROR;
				CLANG_WARN_UNREACHABLE_CODE = YES;
				CLANG_WARN__DUPLICATE_METHOD_MATCH = YES;
				CODE_SIGN_IDENTITY = "-";
				COPY_PHASE_STRIP = NO;
				DEBUG_INFORMATION_FORMAT = "dwarf-with-dsym";
				ENABLE_NS_ASSERTIONS = NO;
				ENABLE_STRICT_OBJC_MSGSEND = YES;
				GCC_C_LANGUAGE_STANDARD = gnu99;
				GCC_NO_COMMON_BLOCKS = YES;
				GCC_WARN_64_TO_32_BIT_CONVERSION = YES;
				GCC_WARN_ABOUT_RETURN_TYPE = YES_ERROR;
				GCC_WARN_UNDECLARED_SELECTOR = YES;
				GCC_WARN_UNINITIALIZED_AUTOS = YES_AGGRESSIVE;
				GCC_WARN_UNUSED_FUNCTION = YES;
				GCC_WARN_UNUSED_VARIABLE = YES;
				MACOSX_DEPLOYMENT_TARGET = 10.10;
				MTL_ENABLE_DEBUG_INFO = NO;
				SDKROOT = macosx;
			};
			name = Release;
		};
		C07A121B1AF9AC51009EA14F /* Debug */ = {
			isa = XCBuildConfiguration;
			buildSettings = {
				ASSETCATALOG_COMPILER_APPICON_NAME = AppIcon;
				COMBINE_HIDPI_IMAGES = YES;
				INFOPLIST_FILE = everything/Info.plist;
				LD_RUNPATH_SEARCH_PATHS = "$(inherited) @executable_path/../Frameworks";
				PRODUCT_NAME = "$(TARGET_NAME)";
			};
			name = Debug;
		};
		C07A121C1AF9AC51009EA14F /* Release */ = {
			isa = XCBuildConfiguration;
			buildSettings = {
				ASSETCATALOG_COMPILER_APPICON_NAME = AppIcon;
				COMBINE_HIDPI_IMAGES = YES;
				INFOPLIST_FILE = everything/Info.plist;
				LD_RUNPATH_SEARCH_PATHS = "$(inherited) @executable_path/../Frameworks";
				PRODUCT_NAME = "$(TARGET_NAME)";
			};
			name = Release;
		};
		C07A121E1AF9AC51009EA14F /* Debug */ = {
			isa = XCBuildConfiguration;
			buildSettings = {
				BUNDLE_LOADER = "$(TEST_HOST)";
				COMBINE_HIDPI_IMAGES = YES;
				FRAMEWORK_SEARCH_PATHS = (
					"$(DEVELOPER_FRAMEWORKS_DIR)",
					"$(inherited)",
				);
				GCC_PREPROCESSOR_DEFINITIONS = (
					"DEBUG=1",
					"$(inherited)",
				);
				INFOPLIST_FILE = everythingTests/Info.plist;
				LD_RUNPATH_SEARCH_PATHS = "$(inherited) @executable_path/../Frameworks @loader_path/../Frameworks";
				PRODUCT_NAME = "$(TARGET_NAME)";
				TEST_HOST = "$(BUILT_PRODUCTS_DIR)/everything.app/Contents/MacOS/everything";
			};
			name = Debug;
		};
		C07A121F1AF9AC51009EA14F /* Release */ = {
			isa = XCBuildConfiguration;
			buildSettings = {
				BUNDLE_LOADER = "$(TEST_HOST)";
				COMBINE_HIDPI_IMAGES = YES;
				FRAMEWORK_SEARCH_PATHS = (
					"$(DEVELOPER_FRAMEWORKS_DIR)",
					"$(inherited)",
				);
				INFOPLIST_FILE = everythingTests/Info.plist;
				LD_RUNPATH_SEARCH_PATHS = "$(inherited) @executable_path/../Frameworks @loader_path/../Frameworks";
				PRODUCT_NAME = "$(TARGET_NAME)";
				TEST_HOST = "$(BUILT_PRODUCTS_DIR)/everything.app/Contents/MacOS/everything";
			};
			name = Release;
		};
/* End XCBuildConfiguration section */

/* Begin XCConfigurationList section */
		C07A11F91AF9AC51009EA14F /* Build configuration list for PBXProject "everything" */ = {
			isa = XCConfigurationList;
			buildConfigurations = (
				C07A12181AF9AC51009EA14F /* Debug */,
				C07A12191AF9AC51009EA14F /* Release */,
			);
			defaultConfigurationIsVisible = 0;
			defaultConfigurationName = Release;
		};
		C07A121A1AF9AC51009EA14F /* Build configuration list for PBXNativeTarget "everything" */ = {
			isa = XCConfigurationList;
			buildConfigurations = (
				C07A121B1AF9AC51009EA14F /* Debug */,
				C07A121C1AF9AC51009EA14F /* Release */,
			);
			defaultConfigurationIsVisible = 0;
		};
		C07A121D1AF9AC51009EA14F /* Build configuration list for PBXNativeTarget "everythingTests" */ = {
			isa = XCConfigurationList;
			buildConfigurations = (
				C07A121E1AF9AC51009EA14F /* Debug */,
				C07A121F1AF9AC51009EA14F /* Release */,
			);
			defaultConfigurationIsVisible = 0;
		};
/* End XCConfigurationList section */
	};
	rootObject = C07A11F61AF9AC51009EA14F /* Project object */;
}
